
Microsoft Visual Studio Solution File, Format Version 12.00
# Visual Studio Version 17
VisualStudioVersion = 17.9.34701.34
MinimumVisualStudioVersion = 10.0.40219.1
Project("{F2A71F9B-5D33-465A-A702-920D77279786}") = "Regression", "Regression\Regression.fsproj", "{30A49CFB-B744-48D3-8F56-400A9C2D6BEC}"
EndProject
Global
	GlobalSection(SolutionConfigurationPlatforms) = preSolution
		Debug|Any CPU = Debug|Any CPU
		Release|Any CPU = Release|Any CPU
	EndGlobalSection
	GlobalSection(ProjectConfigurationPlatforms) = postSolution
		{30A49CFB-B744-48D3-8F56-400A9C2D6BEC}.Debug|Any CPU.ActiveCfg = Debug|Any CPU
		{30A49CFB-B744-48D3-8F56-400A9C2D6BEC}.Debug|Any CPU.Build.0 = Debug|Any CPU
		{30A49CFB-B744-48D3-8F56-400A9C2D6BEC}.Release|Any CPU.ActiveCfg = Release|Any CPU
		{30A49CFB-B744-48D3-8F56-400A9C2D6BEC}.Release|Any CPU.Build.0 = Release|Any CPU
	EndGlobalSection
	GlobalSection(SolutionProperties) = preSolution
		HideSolutionNode = FALSE
	EndGlobalSection
	GlobalSection(ExtensibilityGlobals) = postSolution
		SolutionGuid = {72F4DC8C-05E4-4BB9-A218-ABD6FCA35E1F}
	EndGlobalSection
EndGlobal
