
Microsoft Visual Studio Solution File, Format Version 12.00
# Visual Studio Version 17
VisualStudioVersion = 17.10.34916.146
MinimumVisualStudioVersion = 10.0.40219.1
Project("{FAE04EC0-301F-11D3-BF4B-00C04F79EFBC}") = "AdventureWorks", "AdventureWorks.UI\AdventureWorks.csproj", "{B91C9B5A-5EE5-48DE-89A3-E56593C936A9}"
EndProject
Project("{F2A71F9B-5D33-465A-A702-920D77279786}") = "AdventureWorks.MachineLearning", "AdventureWorks.MachineLearning\AdventureWorks.MachineLearning.fsproj", "{CD88D5C3-86AD-4ED0-8BEF-419A5F8F9613}"
EndProject
Global
	GlobalSection(SolutionConfigurationPlatforms) = preSolution
		Debug|Any CPU = Debug|Any CPU
		Release|Any CPU = Release|Any CPU
	EndGlobalSection
	GlobalSection(ProjectConfigurationPlatforms) = postSolution
		{B91C9B5A-5EE5-48DE-89A3-E56593C936A9}.Debug|Any CPU.ActiveCfg = Debug|Any CPU
		{B91C9B5A-5EE5-48DE-89A3-E56593C936A9}.Debug|Any CPU.Build.0 = Debug|Any CPU
		{B91C9B5A-5EE5-48DE-89A3-E56593C936A9}.Release|Any CPU.ActiveCfg = Release|Any CPU
		{B91C9B5A-5EE5-48DE-89A3-E56593C936A9}.Release|Any CPU.Build.0 = Release|Any CPU
		{CD88D5C3-86AD-4ED0-8BEF-419A5F8F9613}.Debug|Any CPU.ActiveCfg = Debug|Any CPU
		{CD88D5C3-86AD-4ED0-8BEF-419A5F8F9613}.Debug|Any CPU.Build.0 = Debug|Any CPU
		{CD88D5C3-86AD-4ED0-8BEF-419A5F8F9613}.Release|Any CPU.ActiveCfg = Release|Any CPU
		{CD88D5C3-86AD-4ED0-8BEF-419A5F8F9613}.Release|Any CPU.Build.0 = Release|Any CPU
	EndGlobalSection
	GlobalSection(SolutionProperties) = preSolution
		HideSolutionNode = FALSE
	EndGlobalSection
EndGlobal
