
Microsoft Visual Studio Solution File, Format Version 12.00
# Visual Studio Version 17
VisualStudioVersion = 17.10.35013.160
MinimumVisualStudioVersion = 10.0.40219.1
Project("{F2A71F9B-5D33-465A-A702-920D77279786}") = "Classification", "Classification\Classification.fsproj", "{EA7C47A3-6209-4E4B-AFEB-61B844E95205}"
EndProject
Global
	GlobalSection(SolutionConfigurationPlatforms) = preSolution
		Debug|Any CPU = Debug|Any CPU
		Release|Any CPU = Release|Any CPU
	EndGlobalSection
	GlobalSection(ProjectConfigurationPlatforms) = postSolution
		{EA7C47A3-6209-4E4B-AFEB-61B844E95205}.Debug|Any CPU.ActiveCfg = Debug|Any CPU
		{EA7C47A3-6209-4E4B-AFEB-61B844E95205}.Debug|Any CPU.Build.0 = Debug|Any CPU
		{EA7C47A3-6209-4E4B-AFEB-61B844E95205}.Release|Any CPU.ActiveCfg = Release|Any CPU
		{EA7C47A3-6209-4E4B-AFEB-61B844E95205}.Release|Any CPU.Build.0 = Release|Any CPU
	EndGlobalSection
	GlobalSection(SolutionProperties) = preSolution
		HideSolutionNode = FALSE
	EndGlobalSection
	GlobalSection(ExtensibilityGlobals) = postSolution
		SolutionGuid = {A2D705ED-25DF-49B8-A9D3-8E6586698923}
	EndGlobalSection
EndGlobal
